
Microsoft Visual Studio Solution File, Format Version 12.00
# Visual Studio Version 16
VisualStudioVersion = 16.0.29318.209
MinimumVisualStudioVersion = 10.0.40219.1
Project("{FAE04EC0-301F-11D3-BF4B-00C04F79EFBC}") = "Hangman.Core", "Hangman.Core\Hangman.Core.csproj", "{7CAD2F16-9AD1-4CE6-87D3-771F7A22ABD6}"
EndProject
Project("{FAE04EC0-301F-11D3-BF4B-00C04F79EFBC}") = "Hangman.Tests", "Hangman.Tests\Hangman.Tests.csproj", "{AD2AB333-2C09-460C-9ADB-891E0CF4E315}"
EndProject
Global
	GlobalSection(SolutionConfigurationPlatforms) = preSolution
		Debug|Any CPU = Debug|Any CPU
		Release|Any CPU = Release|Any CPU
	EndGlobalSection
	GlobalSection(ProjectConfigurationPlatforms) = postSolution
		{7CAD2F16-9AD1-4CE6-87D3-771F7A22ABD6}.Debug|Any CPU.ActiveCfg = Debug|Any CPU
		{7CAD2F16-9AD1-4CE6-87D3-771F7A22ABD6}.Debug|Any CPU.Build.0 = Debug|Any CPU
		{7CAD2F16-9AD1-4CE6-87D3-771F7A22ABD6}.Release|Any CPU.ActiveCfg = Release|Any CPU
		{7CAD2F16-9AD1-4CE6-87D3-771F7A22ABD6}.Release|Any CPU.Build.0 = Release|Any CPU
		{AD2AB333-2C09-460C-9ADB-891E0CF4E315}.Debug|Any CPU.ActiveCfg = Debug|Any CPU
		{AD2AB333-2C09-460C-9ADB-891E0CF4E315}.Debug|Any CPU.Build.0 = Debug|Any CPU
		{AD2AB333-2C09-460C-9ADB-891E0CF4E315}.Release|Any CPU.ActiveCfg = Release|Any CPU
		{AD2AB333-2C09-460C-9ADB-891E0CF4E315}.Release|Any CPU.Build.0 = Release|Any CPU
	EndGlobalSection
	GlobalSection(SolutionProperties) = preSolution
		HideSolutionNode = FALSE
	EndGlobalSection
	GlobalSection(ExtensibilityGlobals) = postSolution
		SolutionGuid = {3A6B3E64-6DC6-43BF-900A-E2B51A42060A}
	EndGlobalSection
EndGlobal
